
Microsoft Visual Studio Solution File, Format Version 12.00
# Visual Studio Version 17
VisualStudioVersion = 17.10.34928.147
MinimumVisualStudioVersion = 10.0.40219.1
Project("{FAE04EC0-301F-11D3-BF4B-00C04F79EFBC}") = "ProyectoParaMI", "ProyectoParaMI\ProyectoParaMI.csproj", "{07A51C2D-1867-4A48-962F-91BF2E56EE81}"
EndProject
Global
	GlobalSection(SolutionConfigurationPlatforms) = preSolution
		Debug|Any CPU = Debug|Any CPU
		Release|Any CPU = Release|Any CPU
	EndGlobalSection
	GlobalSection(ProjectConfigurationPlatforms) = postSolution
		{07A51C2D-1867-4A48-962F-91BF2E56EE81}.Debug|Any CPU.ActiveCfg = Debug|Any CPU
		{07A51C2D-1867-4A48-962F-91BF2E56EE81}.Debug|Any CPU.Build.0 = Debug|Any CPU
		{07A51C2D-1867-4A48-962F-91BF2E56EE81}.Release|Any CPU.ActiveCfg = Release|Any CPU
		{07A51C2D-1867-4A48-962F-91BF2E56EE81}.Release|Any CPU.Build.0 = Release|Any CPU
	EndGlobalSection
	GlobalSection(SolutionProperties) = preSolution
		HideSolutionNode = FALSE
	EndGlobalSection
	GlobalSection(ExtensibilityGlobals) = postSolution
		SolutionGuid = {102216A0-3916-4F44-83DE-1F38B1389B84}
	EndGlobalSection
EndGlobal
